
Microsoft Visual Studio Solution File, Format Version 12.00
# Visual Studio 15
VisualStudioVersion = 15.0.28307.902
MinimumVisualStudioVersion = 10.0.40219.1
Project("{FAE04EC0-301F-11D3-BF4B-00C04F79EFBC}") = "HOLYBIRDAPP", "HOLYBIRDAPP\HOLYBIRDAPP.csproj", "{525AAA09-C12A-46CC-A2F2-623A75AF7649}"
EndProject
Global
	GlobalSection(SolutionConfigurationPlatforms) = preSolution
		Debug|Any CPU = Debug|Any CPU
		Release|Any CPU = Release|Any CPU
	EndGlobalSection
	GlobalSection(ProjectConfigurationPlatforms) = postSolution
		{525AAA09-C12A-46CC-A2F2-623A75AF7649}.Debug|Any CPU.ActiveCfg = Debug|Any CPU
		{525AAA09-C12A-46CC-A2F2-623A75AF7649}.Debug|Any CPU.Build.0 = Debug|Any CPU
		{525AAA09-C12A-46CC-A2F2-623A75AF7649}.Release|Any CPU.ActiveCfg = Release|Any CPU
		{525AAA09-C12A-46CC-A2F2-623A75AF7649}.Release|Any CPU.Build.0 = Release|Any CPU
	EndGlobalSection
	GlobalSection(SolutionProperties) = preSolution
		HideSolutionNode = FALSE
	EndGlobalSection
	GlobalSection(ExtensibilityGlobals) = postSolution
		SolutionGuid = {3F928DF7-DFB7-488B-BDF9-E6B49BF655C0}
	EndGlobalSection
EndGlobal
